// !$*UTF8*$!
{
	archiveVersion = 1;
	classes = {
	};
	objectVersion = 56;
	objects = {

/* Begin PBXBuildFile section */
		DD812DCC2ADE1C7300F26BF5 /* String Functions.c in Sources */ = {isa = PBXBuildFile; fileRef = DD812DCB2ADE1C7300F26BF5 /* String Functions.c */; };
		DD8BF9C92ADB883000D6CBBD /* String.c in Sources */ = {isa = PBXBuildFile; fileRef = DD8BF9C82ADB883000D6CBBD /* String.c */; };
		DD8D11372AD7827C0064DD40 /* PointersInArray.c in Sources */ = {isa = PBXBuildFile; fileRef = DD8D11362AD7827C0064DD40 /* PointersInArray.c */; };
		DD8D113A2AD787590064DD40 /* Swap_Function.c in Sources */ = {isa = PBXBuildFile; fileRef = DD8D11392AD787590064DD40 /* Swap_Function.c */; };
		DD8E181B2AD6296300528D03 /* Two-Dimensional_Array.c in Sources */ = {isa = PBXBuildFile; fileRef = DD8E181A2AD6296300528D03 /* Two-Dimensional_Array.c */; };
		DD8E181E2AD6365600528D03 /* Pointers.c in Sources */ = {isa = PBXBuildFile; fileRef = DD8E181D2AD6365600528D03 /* Pointers.c */; };
		DD8E81E82ADA2E6D00D4E721 /* ReturnPointerToArray.c in Sources */ = {isa = PBXBuildFile; fileRef = DD8E81E72ADA2E6D00D4E721 /* ReturnPointerToArray.c */; };
		DD8F1F6B2AD0E90A00EDBF28 /* main.c in Sources */ = {isa = PBXBuildFile; fileRef = DD8F1F6A2AD0E90A00EDBF28 /* main.c */; };
		DD936FEF2AD8D6520094257B /* PassingAnArrayToFunction.c in Sources */ = {isa = PBXBuildFile; fileRef = DD936FEE2AD8D6520094257B /* PassingAnArrayToFunction.c */; };
/* End PBXBuildFile section */

/* Begin PBXCopyFilesBuildPhase section */
		DD8F1F652AD0E90A00EDBF28 /* CopyFiles */ = {
			isa = PBXCopyFilesBuildPhase;
			buildActionMask = 2147483647;
			dstPath = /usr/share/man/man1/;
			dstSubfolderSpec = 0;
			files = (
			);
			runOnlyForDeploymentPostprocessing = 1;
		};
/* End PBXCopyFilesBuildPhase section */

/* Begin PBXFileReference section */
		DD812DCB2ADE1C7300F26BF5 /* String Functions.c */ = {isa = PBXFileReference; lastKnownFileType = sourcecode.c.c; path = "String Functions.c"; sourceTree = "<group>"; };
		DD8BF9C82ADB883000D6CBBD /* String.c */ = {isa = PBXFileReference; lastKnownFileType = sourcecode.c.c; path = String.c; sourceTree = "<group>"; };
		DD8D11362AD7827C0064DD40 /* PointersInArray.c */ = {isa = PBXFileReference; lastKnownFileType = sourcecode.c.c; path = PointersInArray.c; sourceTree = "<group>"; };
		DD8D11392AD787590064DD40 /* Swap_Function.c */ = {isa = PBXFileReference; lastKnownFileType = sourcecode.c.c; path = Swap_Function.c; sourceTree = "<group>"; };
		DD8E181A2AD6296300528D03 /* Two-Dimensional_Array.c */ = {isa = PBXFileReference; lastKnownFileType = sourcecode.c.c; path = "Two-Dimensional_Array.c"; sourceTree = "<group>"; };
		DD8E181D2AD6365600528D03 /* Pointers.c */ = {isa = PBXFileReference; lastKnownFileType = sourcecode.c.c; path = Pointers.c; sourceTree = "<group>"; };
		DD8E81E72ADA2E6D00D4E721 /* ReturnPointerToArray.c */ = {isa = PBXFileReference; lastKnownFileType = sourcecode.c.c; path = ReturnPointerToArray.c; sourceTree = "<group>"; };
		DD8F1F672AD0E90A00EDBF28 /* TheField */ = {isa = PBXFileReference; explicitFileType = "compiled.mach-o.executable"; includeInIndex = 0; path = TheField; sourceTree = BUILT_PRODUCTS_DIR; };
		DD8F1F6A2AD0E90A00EDBF28 /* main.c */ = {isa = PBXFileReference; lastKnownFileType = sourcecode.c.c; path = main.c; sourceTree = "<group>"; };
		DD936FEE2AD8D6520094257B /* PassingAnArrayToFunction.c */ = {isa = PBXFileReference; lastKnownFileType = sourcecode.c.c; path = PassingAnArrayToFunction.c; sourceTree = "<group>"; };
/* End PBXFileReference section */

/* Begin PBXFrameworksBuildPhase section */
		DD8F1F642AD0E90A00EDBF28 /* Frameworks */ = {
			isa = PBXFrameworksBuildPhase;
			buildActionMask = 2147483647;
			files = (
			);
			runOnlyForDeploymentPostprocessing = 0;
		};
/* End PBXFrameworksBuildPhase section */

/* Begin PBXGroup section */
		DD8BF9C62ADB71C800D6CBBD /* Sololearn */ = {
			isa = PBXGroup;
			children = (
				DD8E81E72ADA2E6D00D4E721 /* ReturnPointerToArray.c */,
				DD8E181D2AD6365600528D03 /* Pointers.c */,
				DD8E181A2AD6296300528D03 /* Two-Dimensional_Array.c */,
				DD8D11362AD7827C0064DD40 /* PointersInArray.c */,
				DD8D11392AD787590064DD40 /* Swap_Function.c */,
				DD936FEE2AD8D6520094257B /* PassingAnArrayToFunction.c */,
				DD8BF9C82ADB883000D6CBBD /* String.c */,
				DD812DCB2ADE1C7300F26BF5 /* String Functions.c */,
			);
			path = Sololearn;
			sourceTree = "<group>";
		};
		DD8F1F5E2AD0E90A00EDBF28 = {
			isa = PBXGroup;
			children = (
				DD8F1F692AD0E90A00EDBF28 /* TheField */,
				DD8F1F682AD0E90A00EDBF28 /* Products */,
			);
			sourceTree = "<group>";
		};
		DD8F1F682AD0E90A00EDBF28 /* Products */ = {
			isa = PBXGroup;
			children = (
				DD8F1F672AD0E90A00EDBF28 /* TheField */,
			);
			name = Products;
			sourceTree = "<group>";
		};
		DD8F1F692AD0E90A00EDBF28 /* TheField */ = {
			isa = PBXGroup;
			children = (
				DD8F1F6A2AD0E90A00EDBF28 /* main.c */,
				DD8BF9C62ADB71C800D6CBBD /* Sololearn */,
			);
			path = TheField;
			sourceTree = "<group>";
		};
/* End PBXGroup section */

/* Begin PBXNativeTarget section */
		DD8F1F662AD0E90A00EDBF28 /* TheField */ = {
			isa = PBXNativeTarget;
			buildConfigurationList = DD8F1F6E2AD0E90A00EDBF28 /* Build configuration list for PBXNativeTarget "TheField" */;
			buildPhases = (
				DD8F1F632AD0E90A00EDBF28 /* Sources */,
				DD8F1F642AD0E90A00EDBF28 /* Frameworks */,
				DD8F1F652AD0E90A00EDBF28 /* CopyFiles */,
			);
			buildRules = (
			);
			dependencies = (
			);
			name = TheField;
			productName = TheField;
			productReference = DD8F1F672AD0E90A00EDBF28 /* TheField */;
			productType = "com.apple.product-type.tool";
		};
/* End PBXNativeTarget section */

/* Begin PBXProject section */
		DD8F1F5F2AD0E90A00EDBF28 /* Project object */ = {
			isa = PBXProject;
			attributes = {
				BuildIndependentTargetsInParallel = 1;
				LastUpgradeCheck = 1420;
				TargetAttributes = {
					DD8F1F662AD0E90A00EDBF28 = {
						CreatedOnToolsVersion = 14.2;
					};
				};
			};
			buildConfigurationList = DD8F1F622AD0E90A00EDBF28 /* Build configuration list for PBXProject "TheField" */;
			compatibilityVersion = "Xcode 14.0";
			developmentRegion = en;
			hasScannedForEncodings = 0;
			knownRegions = (
				en,
				Base,
			);
			mainGroup = DD8F1F5E2AD0E90A00EDBF28;
			productRefGroup = DD8F1F682AD0E90A00EDBF28 /* Products */;
			projectDirPath = "";
			projectRoot = "";
			targets = (
				DD8F1F662AD0E90A00EDBF28 /* TheField */,
			);
		};
/* End PBXProject section */

/* Begin PBXSourcesBuildPhase section */
		DD8F1F632AD0E90A00EDBF28 /* Sources */ = {
			isa = PBXSourcesBuildPhase;
			buildActionMask = 2147483647;
			files = (
				DD8BF9C92ADB883000D6CBBD /* String.c in Sources */,
				DD8E81E82ADA2E6D00D4E721 /* ReturnPointerToArray.c in Sources */,
				DD8D11372AD7827C0064DD40 /* PointersInArray.c in Sources */,
				DD812DCC2ADE1C7300F26BF5 /* String Functions.c in Sources */,
				DD8E181B2AD6296300528D03 /* Two-Dimensional_Array.c in Sources */,
				DD8D113A2AD787590064DD40 /* Swap_Function.c in Sources */,
				DD8E181E2AD6365600528D03 /* Pointers.c in Sources */,
				DD8F1F6B2AD0E90A00EDBF28 /* main.c in Sources */,
				DD936FEF2AD8D6520094257B /* PassingAnArrayToFunction.c in Sources */,
			);
			runOnlyForDeploymentPostprocessing = 0;
		};
/* End PBXSourcesBuildPhase section */

/* Begin XCBuildConfiguration section */
		DD8F1F6C2AD0E90A00EDBF28 /* Debug */ = {
			isa = XCBuildConfiguration;
			buildSettings = {
				ALWAYS_SEARCH_USER_PATHS = NO;
				CLANG_ANALYZER_NONNULL = YES;
				CLANG_ANALYZER_NUMBER_OBJECT_CONVERSION = YES_AGGRESSIVE;
				CLANG_CXX_LANGUAGE_STANDARD = "gnu++20";
				CLANG_ENABLE_MODULES = YES;
				CLANG_ENABLE_OBJC_ARC = YES;
				CLANG_ENABLE_OBJC_WEAK = YES;
				CLANG_WARN_BLOCK_CAPTURE_AUTORELEASING = YES;
				CLANG_WARN_BOOL_CONVERSION = YES;
				CLANG_WARN_COMMA = YES;
				CLANG_WARN_CONSTANT_CONVERSION = YES;
				CLANG_WARN_DEPRECATED_OBJC_IMPLEMENTATIONS = YES;
				CLANG_WARN_DIRECT_OBJC_ISA_USAGE = YES_ERROR;
				CLANG_WARN_DOCUMENTATION_COMMENTS = YES;
				CLANG_WARN_EMPTY_BODY = YES;
				CLANG_WARN_ENUM_CONVERSION = YES;
				CLANG_WARN_INFINITE_RECURSION = YES;
				CLANG_WARN_INT_CONVERSION = YES;
				CLANG_WARN_NON_LITERAL_NULL_CONVERSION = YES;
				CLANG_WARN_OBJC_IMPLICIT_RETAIN_SELF = YES;
				CLANG_WARN_OBJC_LITERAL_CONVERSION = YES;
				CLANG_WARN_OBJC_ROOT_CLASS = YES_ERROR;
				CLANG_WARN_QUOTED_INCLUDE_IN_FRAMEWORK_HEADER = YES;
				CLANG_WARN_RANGE_LOOP_ANALYSIS = YES;
				CLANG_WARN_STRICT_PROTOTYPES = YES;
				CLANG_WARN_SUSPICIOUS_MOVE = YES;
				CLANG_WARN_UNGUARDED_AVAILABILITY = YES_AGGRESSIVE;
				CLANG_WARN_UNREACHABLE_CODE = YES;
				CLANG_WARN__DUPLICATE_METHOD_MATCH = YES;
				COPY_PHASE_STRIP = NO;
				DEBUG_INFORMATION_FORMAT = dwarf;
				ENABLE_STRICT_OBJC_MSGSEND = YES;
				ENABLE_TESTABILITY = YES;
				GCC_C_LANGUAGE_STANDARD = gnu11;
				GCC_DYNAMIC_NO_PIC = NO;
				GCC_NO_COMMON_BLOCKS = YES;
				GCC_OPTIMIZATION_LEVEL = 0;
				GCC_PREPROCESSOR_DEFINITIONS = (
					"DEBUG=1",
					"$(inherited)",
				);
				GCC_WARN_64_TO_32_BIT_CONVERSION = YES;
				GCC_WARN_ABOUT_RETURN_TYPE = YES_ERROR;
				GCC_WARN_UNDECLARED_SELECTOR = YES;
				GCC_WARN_UNINITIALIZED_AUTOS = YES_AGGRESSIVE;
				GCC_WARN_UNUSED_FUNCTION = YES;
				GCC_WARN_UNUSED_VARIABLE = YES;
				MACOSX_DEPLOYMENT_TARGET = 12.6;
				MTL_ENABLE_DEBUG_INFO = INCLUDE_SOURCE;
				MTL_FAST_MATH = YES;
				ONLY_ACTIVE_ARCH = YES;
				SDKROOT = macosx;
			};
			name = Debug;
		};
		DD8F1F6D2AD0E90A00EDBF28 /* Release */ = {
			isa = XCBuildConfiguration;
			buildSettings = {
				ALWAYS_SEARCH_USER_PATHS = NO;
				CLANG_ANALYZER_NONNULL = YES;
				CLANG_ANALYZER_NUMBER_OBJECT_CONVERSION = YES_AGGRESSIVE;
				CLANG_CXX_LANGUAGE_STANDARD = "gnu++20";
				CLANG_ENABLE_MODULES = YES;
				CLANG_ENABLE_OBJC_ARC = YES;
				CLANG_ENABLE_OBJC_WEAK = YES;
				CLANG_WARN_BLOCK_CAPTURE_AUTORELEASING = YES;
				CLANG_WARN_BOOL_CONVERSION = YES;
				CLANG_WARN_COMMA = YES;
				CLANG_WARN_CONSTANT_CONVERSION = YES;
				CLANG_WARN_DEPRECATED_OBJC_IMPLEMENTATIONS = YES;
				CLANG_WARN_DIRECT_OBJC_ISA_USAGE = YES_ERROR;
				CLANG_WARN_DOCUMENTATION_COMMENTS = YES;
				CLANG_WARN_EMPTY_BODY = YES;
				CLANG_WARN_ENUM_CONVERSION = YES;
				CLANG_WARN_INFINITE_RECURSION = YES;
				CLANG_WARN_INT_CONVERSION = YES;
				CLANG_WARN_NON_LITERAL_NULL_CONVERSION = YES;
				CLANG_WARN_OBJC_IMPLICIT_RETAIN_SELF = YES;
				CLANG_WARN_OBJC_LITERAL_CONVERSION = YES;
				CLANG_WARN_OBJC_ROOT_CLASS = YES_ERROR;
				CLANG_WARN_QUOTED_INCLUDE_IN_FRAMEWORK_HEADER = YES;
				CLANG_WARN_RANGE_LOOP_ANALYSIS = YES;
				CLANG_WARN_STRICT_PROTOTYPES = YES;
				CLANG_WARN_SUSPICIOUS_MOVE = YES;
				CLANG_WARN_UNGUARDED_AVAILABILITY = YES_AGGRESSIVE;
				CLANG_WARN_UNREACHABLE_CODE = YES;
				CLANG_WARN__DUPLICATE_METHOD_MATCH = YES;
				COPY_PHASE_STRIP = NO;
				DEBUG_INFORMATION_FORMAT = "dwarf-with-dsym";
				ENABLE_NS_ASSERTIONS = NO;
				ENABLE_STRICT_OBJC_MSGSEND = YES;
				GCC_C_LANGUAGE_STANDARD = gnu11;
				GCC_NO_COMMON_BLOCKS = YES;
				GCC_WARN_64_TO_32_BIT_CONVERSION = YES;
				GCC_WARN_ABOUT_RETURN_TYPE = YES_ERROR;
				GCC_WARN_UNDECLARED_SELECTOR = YES;
				GCC_WARN_UNINITIALIZED_AUTOS = YES_AGGRESSIVE;
				GCC_WARN_UNUSED_FUNCTION = YES;
				GCC_WARN_UNUSED_VARIABLE = YES;
				MACOSX_DEPLOYMENT_TARGET = 12.6;
				MTL_ENABLE_DEBUG_INFO = NO;
				MTL_FAST_MATH = YES;
				SDKROOT = macosx;
			};
			name = Release;
		};
		DD8F1F6F2AD0E90A00EDBF28 /* Debug */ = {
			isa = XCBuildConfiguration;
			buildSettings = {
				CODE_SIGN_STYLE = Automatic;
				DEVELOPMENT_TEAM = 7YW3V66545;
				ENABLE_HARDENED_RUNTIME = YES;
				PRODUCT_NAME = "$(TARGET_NAME)";
			};
			name = Debug;
		};
		DD8F1F702AD0E90A00EDBF28 /* Release */ = {
			isa = XCBuildConfiguration;
			buildSettings = {
				CODE_SIGN_STYLE = Automatic;
				DEVELOPMENT_TEAM = 7YW3V66545;
				ENABLE_HARDENED_RUNTIME = YES;
				PRODUCT_NAME = "$(TARGET_NAME)";
			};
			name = Release;
		};
/* End XCBuildConfiguration section */

/* Begin XCConfigurationList section */
		DD8F1F622AD0E90A00EDBF28 /* Build configuration list for PBXProject "TheField" */ = {
			isa = XCConfigurationList;
			buildConfigurations = (
				DD8F1F6C2AD0E90A00EDBF28 /* Debug */,
				DD8F1F6D2AD0E90A00EDBF28 /* Release */,
			);
			defaultConfigurationIsVisible = 0;
			defaultConfigurationName = Release;
		};
		DD8F1F6E2AD0E90A00EDBF28 /* Build configuration list for PBXNativeTarget "TheField" */ = {
			isa = XCConfigurationList;
			buildConfigurations = (
				DD8F1F6F2AD0E90A00EDBF28 /* Debug */,
				DD8F1F702AD0E90A00EDBF28 /* Release */,
			);
			defaultConfigurationIsVisible = 0;
			defaultConfigurationName = Release;
		};
/* End XCConfigurationList section */
	};
	rootObject = DD8F1F5F2AD0E90A00EDBF28 /* Project object */;
}
